// !$*UTF8*$!
{
	archiveVersion = 1;
	classes = {
	};
	objectVersion = 46;
	objects = {

/* Begin PBXBuildFile section */
		E225D7841A3079AE00DECD76 /* AppDelegate.swift in Sources */ = {isa = PBXBuildFile; fileRef = E225D7831A3079AE00DECD76 /* AppDelegate.swift */; };
		E225D7861A3079AE00DECD76 /* ViewController.swift in Sources */ = {isa = PBXBuildFile; fileRef = E225D7851A3079AE00DECD76 /* ViewController.swift */; };
		E225D7891A3079AE00DECD76 /* Main.storyboard in Resources */ = {isa = PBXBuildFile; fileRef = E225D7871A3079AE00DECD76 /* Main.storyboard */; };
		E225D78B1A3079AE00DECD76 /* Images.xcassets in Resources */ = {isa = PBXBuildFile; fileRef = E225D78A1A3079AE00DECD76 /* Images.xcassets */; };
		E225D78E1A3079AE00DECD76 /* LaunchScreen.xib in Resources */ = {isa = PBXBuildFile; fileRef = E225D78C1A3079AE00DECD76 /* LaunchScreen.xib */; };
		E225D79A1A3079AE00DECD76 /* PostcardTests.swift in Sources */ = {isa = PBXBuildFile; fileRef = E225D7991A3079AE00DECD76 /* PostcardTests.swift */; };
		E225D7A41A3084F700DECD76 /* SagradaFamilia.jpeg in Resources */ = {isa = PBXBuildFile; fileRef = E225D7A31A3084F700DECD76 /* SagradaFamilia.jpeg */; };
		E225D7A61A308DAD00DECD76 /* AlbertEinsteinStamp.jpg in Resources */ = {isa = PBXBuildFile; fileRef = E225D7A51A308DAD00DECD76 /* AlbertEinsteinStamp.jpg */; };
/* End PBXBuildFile section */

/* Begin PBXContainerItemProxy section */
		E225D7941A3079AE00DECD76 /* PBXContainerItemProxy */ = {
			isa = PBXContainerItemProxy;
			containerPortal = E225D7761A3079AD00DECD76 /* Project object */;
			proxyType = 1;
			remoteGlobalIDString = E225D77D1A3079AE00DECD76;
			remoteInfo = Postcard;
		};
/* End PBXContainerItemProxy section */

/* Begin PBXFileReference section */
		E225D77E1A3079AE00DECD76 /* Postcard.app */ = {isa = PBXFileReference; explicitFileType = wrapper.application; includeInIndex = 0; path = Postcard.app; sourceTree = BUILT_PRODUCTS_DIR; };
		E225D7821A3079AE00DECD76 /* Info.plist */ = {isa = PBXFileReference; lastKnownFileType = text.plist.xml; path = Info.plist; sourceTree = "<group>"; };
		E225D7831A3079AE00DECD76 /* AppDelegate.swift */ = {isa = PBXFileReference; lastKnownFileType = sourcecode.swift; path = AppDelegate.swift; sourceTree = "<group>"; };
		E225D7851A3079AE00DECD76 /* ViewController.swift */ = {isa = PBXFileReference; lastKnownFileType = sourcecode.swift; path = ViewController.swift; sourceTree = "<group>"; };
		E225D7881A3079AE00DECD76 /* Base */ = {isa = PBXFileReference; lastKnownFileType = file.storyboard; name = Base; path = Base.lproj/Main.storyboard; sourceTree = "<group>"; };
		E225D78A1A3079AE00DECD76 /* Images.xcassets */ = {isa = PBXFileReference; lastKnownFileType = folder.assetcatalog; path = Images.xcassets; sourceTree = "<group>"; };
		E225D78D1A3079AE00DECD76 /* Base */ = {isa = PBXFileReference; lastKnownFileType = file.xib; name = Base; path = Base.lproj/LaunchScreen.xib; sourceTree = "<group>"; };
		E225D7931A3079AE00DECD76 /* PostcardTests.xctest */ = {isa = PBXFileReference; explicitFileType = wrapper.cfbundle; includeInIndex = 0; path = PostcardTests.xctest; sourceTree = BUILT_PRODUCTS_DIR; };
		E225D7981A3079AE00DECD76 /* Info.plist */ = {isa = PBXFileReference; lastKnownFileType = text.plist.xml; path = Info.plist; sourceTree = "<group>"; };
		E225D7991A3079AE00DECD76 /* PostcardTests.swift */ = {isa = PBXFileReference; lastKnownFileType = sourcecode.swift; path = PostcardTests.swift; sourceTree = "<group>"; };
		E225D7A31A3084F700DECD76 /* SagradaFamilia.jpeg */ = {isa = PBXFileReference; lastKnownFileType = image.jpeg; path = SagradaFamilia.jpeg; sourceTree = "<group>"; };
		E225D7A51A308DAD00DECD76 /* AlbertEinsteinStamp.jpg */ = {isa = PBXFileReference; lastKnownFileType = image.jpeg; path = AlbertEinsteinStamp.jpg; sourceTree = "<group>"; };
/* End PBXFileReference section */

/* Begin PBXFrameworksBuildPhase section */
		E225D77B1A3079AE00DECD76 /* Frameworks */ = {
			isa = PBXFrameworksBuildPhase;
			buildActionMask = 2147483647;
			files = (
			);
			runOnlyForDeploymentPostprocessing = 0;
		};
		E225D7901A3079AE00DECD76 /* Frameworks */ = {
			isa = PBXFrameworksBuildPhase;
			buildActionMask = 2147483647;
			files = (
			);
			runOnlyForDeploymentPostprocessing = 0;
		};
/* End PBXFrameworksBuildPhase section */

/* Begin PBXGroup section */
		E225D7751A3079AD00DECD76 = {
			isa = PBXGroup;
			children = (
				E225D7801A3079AE00DECD76 /* Postcard */,
				E225D7961A3079AE00DECD76 /* PostcardTests */,
				E225D77F1A3079AE00DECD76 /* Products */,
			);
			sourceTree = "<group>";
		};
		E225D77F1A3079AE00DECD76 /* Products */ = {
			isa = PBXGroup;
			children = (
				E225D77E1A3079AE00DECD76 /* Postcard.app */,
				E225D7931A3079AE00DECD76 /* PostcardTests.xctest */,
			);
			name = Products;
			sourceTree = "<group>";
		};
		E225D7801A3079AE00DECD76 /* Postcard */ = {
			isa = PBXGroup;
			children = (
				E225D7831A3079AE00DECD76 /* AppDelegate.swift */,
				E225D7851A3079AE00DECD76 /* ViewController.swift */,
				E225D7871A3079AE00DECD76 /* Main.storyboard */,
				E225D78A1A3079AE00DECD76 /* Images.xcassets */,
				E225D78C1A3079AE00DECD76 /* LaunchScreen.xib */,
				E225D7811A3079AE00DECD76 /* Supporting Files */,
			);
			path = Postcard;
			sourceTree = "<group>";
		};
		E225D7811A3079AE00DECD76 /* Supporting Files */ = {
			isa = PBXGroup;
			children = (
				E225D7A51A308DAD00DECD76 /* AlbertEinsteinStamp.jpg */,
				E225D7A31A3084F700DECD76 /* SagradaFamilia.jpeg */,
				E225D7821A3079AE00DECD76 /* Info.plist */,
			);
			name = "Supporting Files";
			sourceTree = "<group>";
		};
		E225D7961A3079AE00DECD76 /* PostcardTests */ = {
			isa = PBXGroup;
			children = (
				E225D7991A3079AE00DECD76 /* PostcardTests.swift */,
				E225D7971A3079AE00DECD76 /* Supporting Files */,
			);
			path = PostcardTests;
			sourceTree = "<group>";
		};
		E225D7971A3079AE00DECD76 /* Supporting Files */ = {
			isa = PBXGroup;
			children = (
				E225D7981A3079AE00DECD76 /* Info.plist */,
			);
			name = "Supporting Files";
			sourceTree = "<group>";
		};
/* End PBXGroup section */

/* Begin PBXNativeTarget section */
		E225D77D1A3079AE00DECD76 /* Postcard */ = {
			isa = PBXNativeTarget;
			buildConfigurationList = E225D79D1A3079AE00DECD76 /* Build configuration list for PBXNativeTarget "Postcard" */;
			buildPhases = (
				E225D77A1A3079AE00DECD76 /* Sources */,
				E225D77B1A3079AE00DECD76 /* Frameworks */,
				E225D77C1A3079AE00DECD76 /* Resources */,
			);
			buildRules = (
			);
			dependencies = (
			);
			name = Postcard;
			productName = Postcard;
			productReference = E225D77E1A3079AE00DECD76 /* Postcard.app */;
			productType = "com.apple.product-type.application";
		};
		E225D7921A3079AE00DECD76 /* PostcardTests */ = {
			isa = PBXNativeTarget;
			buildConfigurationList = E225D7A01A3079AE00DECD76 /* Build configuration list for PBXNativeTarget "PostcardTests" */;
			buildPhases = (
				E225D78F1A3079AE00DECD76 /* Sources */,
				E225D7901A3079AE00DECD76 /* Frameworks */,
				E225D7911A3079AE00DECD76 /* Resources */,
			);
			buildRules = (
			);
			dependencies = (
				E225D7951A3079AE00DECD76 /* PBXTargetDependency */,
			);
			name = PostcardTests;
			productName = PostcardTests;
			productReference = E225D7931A3079AE00DECD76 /* PostcardTests.xctest */;
			productType = "com.apple.product-type.bundle.unit-test";
		};
/* End PBXNativeTarget section */

/* Begin PBXProject section */
		E225D7761A3079AD00DECD76 /* Project object */ = {
			isa = PBXProject;
			attributes = {
				LastUpgradeCheck = 0610;
				ORGANIZATIONNAME = "Ahmed Hassan";
				TargetAttributes = {
					E225D77D1A3079AE00DECD76 = {
						CreatedOnToolsVersion = 6.1;
					};
					E225D7921A3079AE00DECD76 = {
						CreatedOnToolsVersion = 6.1;
						TestTargetID = E225D77D1A3079AE00DECD76;
					};
				};
			};
			buildConfigurationList = E225D7791A3079AD00DECD76 /* Build configuration list for PBXProject "Postcard" */;
			compatibilityVersion = "Xcode 3.2";
			developmentRegion = English;
			hasScannedForEncodings = 0;
			knownRegions = (
				en,
				Base,
			);
			mainGroup = E225D7751A3079AD00DECD76;
			productRefGroup = E225D77F1A3079AE00DECD76 /* Products */;
			projectDirPath = "";
			projectRoot = "";
			targets = (
				E225D77D1A3079AE00DECD76 /* Postcard */,
				E225D7921A3079AE00DECD76 /* PostcardTests */,
			);
		};
/* End PBXProject section */

/* Begin PBXResourcesBuildPhase section */
		E225D77C1A3079AE00DECD76 /* Resources */ = {
			isa = PBXResourcesBuildPhase;
			buildActionMask = 2147483647;
			files = (
				E225D7891A3079AE00DECD76 /* Main.storyboard in Resources */,
				E225D7A41A3084F700DECD76 /* SagradaFamilia.jpeg in Resources */,
				E225D7A61A308DAD00DECD76 /* AlbertEinsteinStamp.jpg in Resources */,
				E225D78E1A3079AE00DECD76 /* LaunchScreen.xib in Resources */,
				E225D78B1A3079AE00DECD76 /* Images.xcassets in Resources */,
			);
			runOnlyForDeploymentPostprocessing = 0;
		};
		E225D7911A3079AE00DECD76 /* Resources */ = {
			isa = PBXResourcesBuildPhase;
			buildActionMask = 2147483647;
			files = (
			);
			runOnlyForDeploymentPostprocessing = 0;
		};
/* End PBXResourcesBuildPhase section */

/* Begin PBXSourcesBuildPhase section */
		E225D77A1A3079AE00DECD76 /* Sources */ = {
			isa = PBXSourcesBuildPhase;
			buildActionMask = 2147483647;
			files = (
				E225D7861A3079AE00DECD76 /* ViewController.swift in Sources */,
				E225D7841A3079AE00DECD76 /* AppDelegate.swift in Sources */,
			);
			runOnlyForDeploymentPostprocessing = 0;
		};
		E225D78F1A3079AE00DECD76 /* Sources */ = {
			isa = PBXSourcesBuildPhase;
			buildActionMask = 2147483647;
			files = (
				E225D79A1A3079AE00DECD76 /* PostcardTests.swift in Sources */,
			);
			runOnlyForDeploymentPostprocessing = 0;
		};
/* End PBXSourcesBuildPhase section */

/* Begin PBXTargetDependency section */
		E225D7951A3079AE00DECD76 /* PBXTargetDependency */ = {
			isa = PBXTargetDependency;
			target = E225D77D1A3079AE00DECD76 /* Postcard */;
			targetProxy = E225D7941A3079AE00DECD76 /* PBXContainerItemProxy */;
		};
/* End PBXTargetDependency section */

/* Begin PBXVariantGroup section */
		E225D7871A3079AE00DECD76 /* Main.storyboard */ = {
			isa = PBXVariantGroup;
			children = (
				E225D7881A3079AE00DECD76 /* Base */,
			);
			name = Main.storyboard;
			sourceTree = "<group>";
		};
		E225D78C1A3079AE00DECD76 /* LaunchScreen.xib */ = {
			isa = PBXVariantGroup;
			children = (
				E225D78D1A3079AE00DECD76 /* Base */,
			);
			name = LaunchScreen.xib;
			sourceTree = "<group>";
		};
/* End PBXVariantGroup section */

/* Begin XCBuildConfiguration section */
		E225D79B1A3079AE00DECD76 /* Debug */ = {
			isa = XCBuildConfiguration;
			buildSettings = {
				ALWAYS_SEARCH_USER_PATHS = NO;
				CLANG_CXX_LANGUAGE_STANDARD = "gnu++0x";
				CLANG_CXX_LIBRARY = "libc++";
				CLANG_ENABLE_MODULES = YES;
				CLANG_ENABLE_OBJC_ARC = YES;
				CLANG_WARN_BOOL_CONVERSION = YES;
				CLANG_WARN_CONSTANT_CONVERSION = YES;
				CLANG_WARN_DIRECT_OBJC_ISA_USAGE = YES_ERROR;
				CLANG_WARN_EMPTY_BODY = YES;
				CLANG_WARN_ENUM_CONVERSION = YES;
				CLANG_WARN_INT_CONVERSION = YES;
				CLANG_WARN_OBJC_ROOT_CLASS = YES_ERROR;
				CLANG_WARN_UNREACHABLE_CODE = YES;
				CLANG_WARN__DUPLICATE_METHOD_MATCH = YES;
				"CODE_SIGN_IDENTITY[sdk=iphoneos*]" = "iPhone Developer";
				COPY_PHASE_STRIP = NO;
				ENABLE_STRICT_OBJC_MSGSEND = YES;
				GCC_C_LANGUAGE_STANDARD = gnu99;
				GCC_DYNAMIC_NO_PIC = NO;
				GCC_OPTIMIZATION_LEVEL = 0;
				GCC_PREPROCESSOR_DEFINITIONS = (
					"DEBUG=1",
					"$(inherited)",
				);
				GCC_SYMBOLS_PRIVATE_EXTERN = NO;
				GCC_WARN_64_TO_32_BIT_CONVERSION = YES;
				GCC_WARN_ABOUT_RETURN_TYPE = YES_ERROR;
				GCC_WARN_UNDECLARED_SELECTOR = YES;
				GCC_WARN_UNINITIALIZED_AUTOS = YES_AGGRESSIVE;
				GCC_WARN_UNUSED_FUNCTION = YES;
				GCC_WARN_UNUSED_VARIABLE = YES;
				IPHONEOS_DEPLOYMENT_TARGET = 8.1;
				MTL_ENABLE_DEBUG_INFO = YES;
				ONLY_ACTIVE_ARCH = YES;
				SDKROOT = iphoneos;
				SWIFT_OPTIMIZATION_LEVEL = "-Onone";
				TARGETED_DEVICE_FAMILY = "1,2";
			};
			name = Debug;
		};
		E225D79C1A3079AE00DECD76 /* Release */ = {
			isa = XCBuildConfiguration;
			buildSettings = {
				ALWAYS_SEARCH_USER_PATHS = NO;
				CLANG_CXX_LANGUAGE_STANDARD = "gnu++0x";
				CLANG_CXX_LIBRARY = "libc++";
				CLANG_ENABLE_MODULES = YES;
				CLANG_ENABLE_OBJC_ARC = YES;
				CLANG_WARN_BOOL_CONVERSION = YES;
				CLANG_WARN_CONSTANT_CONVERSION = YES;
				CLANG_WARN_DIRECT_OBJC_ISA_USAGE = YES_ERROR;
				CLANG_WARN_EMPTY_BODY = YES;
				CLANG_WARN_ENUM_CONVERSION = YES;
				CLANG_WARN_INT_CONVERSION = YES;
				CLANG_WARN_OBJC_ROOT_CLASS = YES_ERROR;
				CLANG_WARN_UNREACHABLE_CODE = YES;
				CLANG_WARN__DUPLICATE_METHOD_MATCH = YES;
				"CODE_SIGN_IDENTITY[sdk=iphoneos*]" = "iPhone Developer";
				COPY_PHASE_STRIP = YES;
				ENABLE_NS_ASSERTIONS = NO;
				ENABLE_STRICT_OBJC_MSGSEND = YES;
				GCC_C_LANGUAGE_STANDARD = gnu99;
				GCC_WARN_64_TO_32_BIT_CONVERSION = YES;
				GCC_WARN_ABOUT_RETURN_TYPE = YES_ERROR;
				GCC_WARN_UNDECLARED_SELECTOR = YES;
				GCC_WARN_UNINITIALIZED_AUTOS = YES_AGGRESSIVE;
				GCC_WARN_UNUSED_FUNCTION = YES;
				GCC_WARN_UNUSED_VARIABLE = YES;
				IPHONEOS_DEPLOYMENT_TARGET = 8.1;
				MTL_ENABLE_DEBUG_INFO = NO;
				SDKROOT = iphoneos;
				TARGETED_DEVICE_FAMILY = "1,2";
				VALIDATE_PRODUCT = YES;
			};
			name = Release;
		};
		E225D79E1A3079AE00DECD76 /* Debug */ = {
			isa = XCBuildConfiguration;
			buildSettings = {
				ASSETCATALOG_COMPILER_APPICON_NAME = AppIcon;
				INFOPLIST_FILE = Postcard/Info.plist;
				LD_RUNPATH_SEARCH_PATHS = "$(inherited) @executable_path/Frameworks";
				PRODUCT_NAME = "$(TARGET_NAME)";
			};
			name = Debug;
		};
		E225D79F1A3079AE00DECD76 /* Release */ = {
			isa = XCBuildConfiguration;
			buildSettings = {
				ASSETCATALOG_COMPILER_APPICON_NAME = AppIcon;
				INFOPLIST_FILE = Postcard/Info.plist;
				LD_RUNPATH_SEARCH_PATHS = "$(inherited) @executable_path/Frameworks";
				PRODUCT_NAME = "$(TARGET_NAME)";
			};
			name = Release;
		};
		E225D7A11A3079AE00DECD76 /* Debug */ = {
			isa = XCBuildConfiguration;
			buildSettings = {
				BUNDLE_LOADER = "$(TEST_HOST)";
				FRAMEWORK_SEARCH_PATHS = (
					"$(SDKROOT)/Developer/Library/Frameworks",
					"$(inherited)",
				);
				GCC_PREPROCESSOR_DEFINITIONS = (
					"DEBUG=1",
					"$(inherited)",
				);
				INFOPLIST_FILE = PostcardTests/Info.plist;
				LD_RUNPATH_SEARCH_PATHS = "$(inherited) @executable_path/Frameworks @loader_path/Frameworks";
				PRODUCT_NAME = "$(TARGET_NAME)";
				TEST_HOST = "$(BUILT_PRODUCTS_DIR)/Postcard.app/Postcard";
			};
			name = Debug;
		};
		E225D7A21A3079AE00DECD76 /* Release */ = {
			isa = XCBuildConfiguration;
			buildSettings = {
				BUNDLE_LOADER = "$(TEST_HOST)";
				FRAMEWORK_SEARCH_PATHS = (
					"$(SDKROOT)/Developer/Library/Frameworks",
					"$(inherited)",
				);
				INFOPLIST_FILE = PostcardTests/Info.plist;
				LD_RUNPATH_SEARCH_PATHS = "$(inherited) @executable_path/Frameworks @loader_path/Frameworks";
				PRODUCT_NAME = "$(TARGET_NAME)";
				TEST_HOST = "$(BUILT_PRODUCTS_DIR)/Postcard.app/Postcard";
			};
			name = Release;
		};
/* End XCBuildConfiguration section */

/* Begin XCConfigurationList section */
		E225D7791A3079AD00DECD76 /* Build configuration list for PBXProject "Postcard" */ = {
			isa = XCConfigurationList;
			buildConfigurations = (
				E225D79B1A3079AE00DECD76 /* Debug */,
				E225D79C1A3079AE00DECD76 /* Release */,
			);
			defaultConfigurationIsVisible = 0;
			defaultConfigurationName = Release;
		};
		E225D79D1A3079AE00DECD76 /* Build configuration list for PBXNativeTarget "Postcard" */ = {
			isa = XCConfigurationList;
			buildConfigurations = (
				E225D79E1A3079AE00DECD76 /* Debug */,
				E225D79F1A3079AE00DECD76 /* Release */,
			);
			defaultConfigurationIsVisible = 0;
		};
		E225D7A01A3079AE00DECD76 /* Build configuration list for PBXNativeTarget "PostcardTests" */ = {
			isa = XCConfigurationList;
			buildConfigurations = (
				E225D7A11A3079AE00DECD76 /* Debug */,
				E225D7A21A3079AE00DECD76 /* Release */,
			);
			defaultConfigurationIsVisible = 0;
		};
/* End XCConfigurationList section */
	};
	rootObject = E225D7761A3079AD00DECD76 /* Project object */;
}
